
Microsoft Visual Studio Solution File, Format Version 12.00
# Visual Studio Version 16
VisualStudioVersion = 16.0.30503.244
MinimumVisualStudioVersion = 10.0.40219.1
Project("{FAE04EC0-301F-11D3-BF4B-00C04F79EFBC}") = "DATN05", "DATN05\DATN05.csproj", "{1980FFAE-4E8C-4E0C-9BCE-F67D87D84D7A}"
EndProject
Project("{FAE04EC0-301F-11D3-BF4B-00C04F79EFBC}") = "Models", "Models\Models.csproj", "{281F9D49-873D-47B6-8DE4-9969A20AB75D}"
EndProject
Project("{FAE04EC0-301F-11D3-BF4B-00C04F79EFBC}") = "DAL", "DAL\DAL.csproj", "{64D9C1AC-AF53-47FF-93D1-96171D1F4508}"
EndProject
Project("{FAE04EC0-301F-11D3-BF4B-00C04F79EFBC}") = "BLL", "BLL\BLL.csproj", "{C88DAE31-D122-4244-8E38-A5158A78CB11}"
EndProject
Global
	GlobalSection(SolutionConfigurationPlatforms) = preSolution
		Debug|Any CPU = Debug|Any CPU
		Release|Any CPU = Release|Any CPU
	EndGlobalSection
	GlobalSection(ProjectConfigurationPlatforms) = postSolution
		{1980FFAE-4E8C-4E0C-9BCE-F67D87D84D7A}.Debug|Any CPU.ActiveCfg = Debug|Any CPU
		{1980FFAE-4E8C-4E0C-9BCE-F67D87D84D7A}.Debug|Any CPU.Build.0 = Debug|Any CPU
		{1980FFAE-4E8C-4E0C-9BCE-F67D87D84D7A}.Release|Any CPU.ActiveCfg = Release|Any CPU
		{1980FFAE-4E8C-4E0C-9BCE-F67D87D84D7A}.Release|Any CPU.Build.0 = Release|Any CPU
		{281F9D49-873D-47B6-8DE4-9969A20AB75D}.Debug|Any CPU.ActiveCfg = Debug|Any CPU
		{281F9D49-873D-47B6-8DE4-9969A20AB75D}.Debug|Any CPU.Build.0 = Debug|Any CPU
		{281F9D49-873D-47B6-8DE4-9969A20AB75D}.Release|Any CPU.ActiveCfg = Release|Any CPU
		{281F9D49-873D-47B6-8DE4-9969A20AB75D}.Release|Any CPU.Build.0 = Release|Any CPU
		{64D9C1AC-AF53-47FF-93D1-96171D1F4508}.Debug|Any CPU.ActiveCfg = Debug|Any CPU
		{64D9C1AC-AF53-47FF-93D1-96171D1F4508}.Debug|Any CPU.Build.0 = Debug|Any CPU
		{64D9C1AC-AF53-47FF-93D1-96171D1F4508}.Release|Any CPU.ActiveCfg = Release|Any CPU
		{64D9C1AC-AF53-47FF-93D1-96171D1F4508}.Release|Any CPU.Build.0 = Release|Any CPU
		{C88DAE31-D122-4244-8E38-A5158A78CB11}.Debug|Any CPU.ActiveCfg = Debug|Any CPU
		{C88DAE31-D122-4244-8E38-A5158A78CB11}.Debug|Any CPU.Build.0 = Debug|Any CPU
		{C88DAE31-D122-4244-8E38-A5158A78CB11}.Release|Any CPU.ActiveCfg = Release|Any CPU
		{C88DAE31-D122-4244-8E38-A5158A78CB11}.Release|Any CPU.Build.0 = Release|Any CPU
	EndGlobalSection
	GlobalSection(SolutionProperties) = preSolution
		HideSolutionNode = FALSE
	EndGlobalSection
	GlobalSection(ExtensibilityGlobals) = postSolution
		SolutionGuid = {6BEE265B-3E09-474B-80D8-21A9660FC0B9}
	EndGlobalSection
EndGlobal
